
Microsoft Visual Studio Solution File, Format Version 12.00
# Visual Studio Version 17
VisualStudioVersion = 17.3.32901.215
MinimumVisualStudioVersion = 10.0.40219.1
Project("{FAE04EC0-301F-11D3-BF4B-00C04F79EFBC}") = "quizCurso", "quizCurso\quizCurso.csproj", "{063AEC8E-B520-496D-A0C1-8D8FCF877DD3}"
EndProject
Global
	GlobalSection(SolutionConfigurationPlatforms) = preSolution
		Debug|Any CPU = Debug|Any CPU
		Release|Any CPU = Release|Any CPU
	EndGlobalSection
	GlobalSection(ProjectConfigurationPlatforms) = postSolution
		{063AEC8E-B520-496D-A0C1-8D8FCF877DD3}.Debug|Any CPU.ActiveCfg = Debug|Any CPU
		{063AEC8E-B520-496D-A0C1-8D8FCF877DD3}.Debug|Any CPU.Build.0 = Debug|Any CPU
		{063AEC8E-B520-496D-A0C1-8D8FCF877DD3}.Release|Any CPU.ActiveCfg = Release|Any CPU
		{063AEC8E-B520-496D-A0C1-8D8FCF877DD3}.Release|Any CPU.Build.0 = Release|Any CPU
	EndGlobalSection
	GlobalSection(SolutionProperties) = preSolution
		HideSolutionNode = FALSE
	EndGlobalSection
	GlobalSection(ExtensibilityGlobals) = postSolution
		SolutionGuid = {C0FE07EE-B0EB-46EC-9DD8-08AEC9EF5BAF}
	EndGlobalSection
EndGlobal
