
Microsoft Visual Studio Solution File, Format Version 12.00
# Visual Studio Version 17
VisualStudioVersion = 17.3.32901.215
MinimumVisualStudioVersion = 10.0.40219.1
Project("{FAE04EC0-301F-11D3-BF4B-00C04F79EFBC}") = "Cadastro", "Cadastro\Cadastro.csproj", "{61F82741-3055-4480-BA7E-9008E71C48E2}"
EndProject
Global
	GlobalSection(SolutionConfigurationPlatforms) = preSolution
		Debug|Any CPU = Debug|Any CPU
		Release|Any CPU = Release|Any CPU
	EndGlobalSection
	GlobalSection(ProjectConfigurationPlatforms) = postSolution
		{61F82741-3055-4480-BA7E-9008E71C48E2}.Debug|Any CPU.ActiveCfg = Debug|Any CPU
		{61F82741-3055-4480-BA7E-9008E71C48E2}.Debug|Any CPU.Build.0 = Debug|Any CPU
		{61F82741-3055-4480-BA7E-9008E71C48E2}.Release|Any CPU.ActiveCfg = Release|Any CPU
		{61F82741-3055-4480-BA7E-9008E71C48E2}.Release|Any CPU.Build.0 = Release|Any CPU
	EndGlobalSection
	GlobalSection(SolutionProperties) = preSolution
		HideSolutionNode = FALSE
	EndGlobalSection
	GlobalSection(ExtensibilityGlobals) = postSolution
		SolutionGuid = {80C85EA6-06F2-4AAF-8F9A-0164B24D2567}
	EndGlobalSection
EndGlobal
