
Microsoft Visual Studio Solution File, Format Version 12.00
# Visual Studio Version 17
VisualStudioVersion = 17.3.32901.215
MinimumVisualStudioVersion = 10.0.40219.1
Project("{FAE04EC0-301F-11D3-BF4B-00C04F79EFBC}") = "projetoQuiz", "projetoQuiz\projetoQuiz.csproj", "{57262E40-34BC-4056-8F02-941A27D92600}"
EndProject
Global
	GlobalSection(SolutionConfigurationPlatforms) = preSolution
		Debug|Any CPU = Debug|Any CPU
		Release|Any CPU = Release|Any CPU
	EndGlobalSection
	GlobalSection(ProjectConfigurationPlatforms) = postSolution
		{57262E40-34BC-4056-8F02-941A27D92600}.Debug|Any CPU.ActiveCfg = Debug|Any CPU
		{57262E40-34BC-4056-8F02-941A27D92600}.Debug|Any CPU.Build.0 = Debug|Any CPU
		{57262E40-34BC-4056-8F02-941A27D92600}.Release|Any CPU.ActiveCfg = Release|Any CPU
		{57262E40-34BC-4056-8F02-941A27D92600}.Release|Any CPU.Build.0 = Release|Any CPU
	EndGlobalSection
	GlobalSection(SolutionProperties) = preSolution
		HideSolutionNode = FALSE
	EndGlobalSection
	GlobalSection(ExtensibilityGlobals) = postSolution
		SolutionGuid = {3B9B6199-EDC4-49E0-B697-5A08158867D9}
	EndGlobalSection
EndGlobal
